
Microsoft Visual Studio Solution File, Format Version 12.00
# Visual Studio Version 17
VisualStudioVersion = 17.3.32929.385
MinimumVisualStudioVersion = 10.0.40219.1
Project("{FAE04EC0-301F-11D3-BF4B-00C04F79EFBC}") = "capaVista", "Netters\capaVista.csproj", "{3334CF1B-6D76-4572-BE0B-3176A2B5577E}"
EndProject
Project("{FAE04EC0-301F-11D3-BF4B-00C04F79EFBC}") = "capaDALC", "capaDALC\capaDALC.csproj", "{B69FBF74-8F6D-4BDB-98C0-3932CB5DCC67}"
EndProject
Project("{FAE04EC0-301F-11D3-BF4B-00C04F79EFBC}") = "capaLogica", "capaLogica\capaLogica.csproj", "{D8829366-D68F-4D58-92FE-37B443184D79}"
EndProject
Global
	GlobalSection(SolutionConfigurationPlatforms) = preSolution
		Debug|Any CPU = Debug|Any CPU
		Release|Any CPU = Release|Any CPU
	EndGlobalSection
	GlobalSection(ProjectConfigurationPlatforms) = postSolution
		{3334CF1B-6D76-4572-BE0B-3176A2B5577E}.Debug|Any CPU.ActiveCfg = Debug|Any CPU
		{3334CF1B-6D76-4572-BE0B-3176A2B5577E}.Debug|Any CPU.Build.0 = Debug|Any CPU
		{3334CF1B-6D76-4572-BE0B-3176A2B5577E}.Release|Any CPU.ActiveCfg = Release|Any CPU
		{3334CF1B-6D76-4572-BE0B-3176A2B5577E}.Release|Any CPU.Build.0 = Release|Any CPU
		{B69FBF74-8F6D-4BDB-98C0-3932CB5DCC67}.Debug|Any CPU.ActiveCfg = Debug|Any CPU
		{B69FBF74-8F6D-4BDB-98C0-3932CB5DCC67}.Debug|Any CPU.Build.0 = Debug|Any CPU
		{B69FBF74-8F6D-4BDB-98C0-3932CB5DCC67}.Release|Any CPU.ActiveCfg = Release|Any CPU
		{B69FBF74-8F6D-4BDB-98C0-3932CB5DCC67}.Release|Any CPU.Build.0 = Release|Any CPU
		{D8829366-D68F-4D58-92FE-37B443184D79}.Debug|Any CPU.ActiveCfg = Debug|Any CPU
		{D8829366-D68F-4D58-92FE-37B443184D79}.Debug|Any CPU.Build.0 = Debug|Any CPU
		{D8829366-D68F-4D58-92FE-37B443184D79}.Release|Any CPU.ActiveCfg = Release|Any CPU
		{D8829366-D68F-4D58-92FE-37B443184D79}.Release|Any CPU.Build.0 = Release|Any CPU
	EndGlobalSection
	GlobalSection(SolutionProperties) = preSolution
		HideSolutionNode = FALSE
	EndGlobalSection
	GlobalSection(ExtensibilityGlobals) = postSolution
		SolutionGuid = {4130873C-AF6C-4A6B-AB86-CAB2260226F9}
	EndGlobalSection
EndGlobal
